
Microsoft Visual Studio Solution File, Format Version 12.00
# Visual Studio Version 17
VisualStudioVersion = 17.7.34031.279
MinimumVisualStudioVersion = 10.0.40219.1
Project("{FAE04EC0-301F-11D3-BF4B-00C04F79EFBC}") = "01_Tcp", "TestingTcpUdpProtocols\01_Tcp.csproj", "{CAA279B5-259F-4F71-810A-C27940EFC906}"
EndProject
Project("{FAE04EC0-301F-11D3-BF4B-00C04F79EFBC}") = "02_udp", "02_udp\02_udp.csproj", "{6B51ABE6-CECD-40CD-A052-B581C9C279FE}"
EndProject
Global
	GlobalSection(SolutionConfigurationPlatforms) = preSolution
		Debug|Any CPU = Debug|Any CPU
		Release|Any CPU = Release|Any CPU
	EndGlobalSection
	GlobalSection(ProjectConfigurationPlatforms) = postSolution
		{CAA279B5-259F-4F71-810A-C27940EFC906}.Debug|Any CPU.ActiveCfg = Debug|Any CPU
		{CAA279B5-259F-4F71-810A-C27940EFC906}.Debug|Any CPU.Build.0 = Debug|Any CPU
		{CAA279B5-259F-4F71-810A-C27940EFC906}.Release|Any CPU.ActiveCfg = Release|Any CPU
		{CAA279B5-259F-4F71-810A-C27940EFC906}.Release|Any CPU.Build.0 = Release|Any CPU
		{6B51ABE6-CECD-40CD-A052-B581C9C279FE}.Debug|Any CPU.ActiveCfg = Debug|Any CPU
		{6B51ABE6-CECD-40CD-A052-B581C9C279FE}.Debug|Any CPU.Build.0 = Debug|Any CPU
		{6B51ABE6-CECD-40CD-A052-B581C9C279FE}.Release|Any CPU.ActiveCfg = Release|Any CPU
		{6B51ABE6-CECD-40CD-A052-B581C9C279FE}.Release|Any CPU.Build.0 = Release|Any CPU
	EndGlobalSection
	GlobalSection(SolutionProperties) = preSolution
		HideSolutionNode = FALSE
	EndGlobalSection
	GlobalSection(ExtensibilityGlobals) = postSolution
		SolutionGuid = {BAD6A593-D87E-4153-B99A-209511BAB3A2}
	EndGlobalSection
EndGlobal
